// !$*UTF8*$!
{
	archiveVersion = 1;
	classes = {
	};
	objectVersion = 55;
	objects = {

/* Begin PBXBuildFile section */
		1312FD5628DD4330004A415F /* SidebarEpisodesCore.swift in Sources */ = {isa = PBXBuildFile; fileRef = 1312FD5428DD4251004A415F /* SidebarEpisodesCore.swift */; };
		1312FD5828DD45A4004A415F /* SidebarEpisodesView.swift in Sources */ = {isa = PBXBuildFile; fileRef = 1312FD5728DD45A4004A415F /* SidebarEpisodesView.swift */; };
		1312FD5A28DD4B52004A415F /* EpisodeItemCompactView.swift in Sources */ = {isa = PBXBuildFile; fileRef = 1312FD5928DD4B52004A415F /* EpisodeItemCompactView.swift */; };
		1312FD5C28DD4BEA004A415F /* EpisodeItemBigView.swift in Sources */ = {isa = PBXBuildFile; fileRef = 1312FD5B28DD4BEA004A415F /* EpisodeItemBigView.swift */; };
		1312FD5E28DD6452004A415F /* SidebarSourcesView.swift in Sources */ = {isa = PBXBuildFile; fileRef = 1312FD5D28DD6452004A415F /* SidebarSourcesView.swift */; };
		1312FD6028DD6934004A415F /* SeekbarView.swift in Sources */ = {isa = PBXBuildFile; fileRef = 1312FD5F28DD6934004A415F /* SeekbarView.swift */; };
		1312FD6228DD7CB0004A415F /* AirplayRouterPickerView.swift in Sources */ = {isa = PBXBuildFile; fileRef = 1312FD6128DD7CB0004A415F /* AirplayRouterPickerView.swift */; };
		1318EEE628D5374C00EB85FA /* AVKit.framework in Frameworks */ = {isa = PBXBuildFile; fileRef = 1318EEE528D5374B00EB85FA /* AVKit.framework */; };
		1318EEE828D5375100EB85FA /* AVFoundation.framework in Frameworks */ = {isa = PBXBuildFile; fileRef = 1318EEE728D5375100EB85FA /* AVFoundation.framework */; };
		132754F628D269B200A6C525 /* ListClient+AniList.swift in Sources */ = {isa = PBXBuildFile; fileRef = 132754F528D269B200A6C525 /* ListClient+AniList.swift */; };
		132754F728D269B200A6C525 /* ListClient+AniList.swift in Sources */ = {isa = PBXBuildFile; fileRef = 132754F528D269B200A6C525 /* ListClient+AniList.swift */; };
		132754FC28D2883500A6C525 /* CompressableText.swift in Sources */ = {isa = PBXBuildFile; fileRef = 132754FB28D2883500A6C525 /* CompressableText.swift */; };
		132754FF28D28F5A00A6C525 /* Array+Duplicates.swift in Sources */ = {isa = PBXBuildFile; fileRef = 132754FE28D28F5A00A6C525 /* Array+Duplicates.swift */; };
		1327550028D28F5A00A6C525 /* Array+Duplicates.swift in Sources */ = {isa = PBXBuildFile; fileRef = 132754FE28D28F5A00A6C525 /* Array+Duplicates.swift */; };
		1327550628D2A11A00A6C525 /* UserDefaultsClient+Live.swift in Sources */ = {isa = PBXBuildFile; fileRef = 1327550528D2A11A00A6C525 /* UserDefaultsClient+Live.swift */; };
		1327550728D2A11A00A6C525 /* UserDefaultsClient+Live.swift in Sources */ = {isa = PBXBuildFile; fileRef = 1327550528D2A11A00A6C525 /* UserDefaultsClient+Live.swift */; };
		1327550928D2A7C400A6C525 /* UserDefaultsClient+Mock.swift in Sources */ = {isa = PBXBuildFile; fileRef = 1327550828D2A7C400A6C525 /* UserDefaultsClient+Mock.swift */; };
		1327550A28D2A7C400A6C525 /* UserDefaultsClient+Mock.swift in Sources */ = {isa = PBXBuildFile; fileRef = 1327550828D2A7C400A6C525 /* UserDefaultsClient+Mock.swift */; };
		1327550C28D2AA8E00A6C525 /* SociableWeaver in Frameworks */ = {isa = PBXBuildFile; productRef = 1327550B28D2AA8E00A6C525 /* SociableWeaver */; };
		1327550F28D2AACB00A6C525 /* AnimeClient+Mock.swift in Sources */ = {isa = PBXBuildFile; fileRef = 13650F3728D04424002E20DD /* AnimeClient+Mock.swift */; };
		1327551028D2AACB00A6C525 /* AnimeClient+Live.swift in Sources */ = {isa = PBXBuildFile; fileRef = 13650F3528D014B1002E20DD /* AnimeClient+Live.swift */; };
		1327551128D2AACB00A6C525 /* AnimeClient.swift in Sources */ = {isa = PBXBuildFile; fileRef = 13650F3228CFE0BF002E20DD /* AnimeClient.swift */; };
		1327551228D2AAD300A6C525 /* GraphQLModels.swift in Sources */ = {isa = PBXBuildFile; fileRef = 13E512C628C79E5E00B298BA /* GraphQLModels.swift */; };
		1327552028D2ABAE00A6C525 /* HomeCore.swift in Sources */ = {isa = PBXBuildFile; fileRef = 137A819228C538F100B69503 /* HomeCore.swift */; };
		1327552128D2ABAE00A6C525 /* ContentView.swift in Sources */ = {isa = PBXBuildFile; fileRef = 13FC21F028C41648000F0F79 /* ContentView.swift */; };
		1327552228D2ABAE00A6C525 /* HomeView.swift in Sources */ = {isa = PBXBuildFile; fileRef = 137A819128C538F100B69503 /* HomeView.swift */; };
		1327553328D2C16C00A6C525 /* VideoPlayerCore.swift in Sources */ = {isa = PBXBuildFile; fileRef = 1327553128D2C16C00A6C525 /* VideoPlayerCore.swift */; };
		1327553428D2C16C00A6C525 /* AVPlayerView.swift in Sources */ = {isa = PBXBuildFile; fileRef = 1327553228D2C16C00A6C525 /* AVPlayerView.swift */; };
		13378BA828C9B4E5000FF0D8 /* Throwable.swift in Sources */ = {isa = PBXBuildFile; fileRef = 13378BA728C9B4E5000FF0D8 /* Throwable.swift */; };
		13378BA928C9B4E5000FF0D8 /* Throwable.swift in Sources */ = {isa = PBXBuildFile; fileRef = 13378BA728C9B4E5000FF0D8 /* Throwable.swift */; };
		13386AE728CBFD7A005E8352 /* LoadableState.swift in Sources */ = {isa = PBXBuildFile; fileRef = 13386AE628CBFD7A005E8352 /* LoadableState.swift */; };
		13386AE828CBFD7A005E8352 /* LoadableState.swift in Sources */ = {isa = PBXBuildFile; fileRef = 13386AE628CBFD7A005E8352 /* LoadableState.swift */; };
		13386AEE28CC2892005E8352 /* ShimmerView.swift in Sources */ = {isa = PBXBuildFile; fileRef = 13386AED28CC2892005E8352 /* ShimmerView.swift */; };
		13386AEF28CC2892005E8352 /* ShimmerView.swift in Sources */ = {isa = PBXBuildFile; fileRef = 13386AED28CC2892005E8352 /* ShimmerView.swift */; };
		13386AF128CC3239005E8352 /* BlurView.swift in Sources */ = {isa = PBXBuildFile; fileRef = 13386AF028CC3239005E8352 /* BlurView.swift */; };
		13446E8128CA4AB100F815C6 /* SettingsView.swift in Sources */ = {isa = PBXBuildFile; fileRef = 13446E7F28CA4AB100F815C6 /* SettingsView.swift */; };
		13446E8228CA4AB100F815C6 /* SettingsCore.swift in Sources */ = {isa = PBXBuildFile; fileRef = 13446E8028CA4AB100F815C6 /* SettingsCore.swift */; };
		134E0E9228D125C000A5F5E5 /* UserDefaultsClient.swift in Sources */ = {isa = PBXBuildFile; fileRef = 134E0E9128D125C000A5F5E5 /* UserDefaultsClient.swift */; };
		134E0E9328D125C000A5F5E5 /* UserDefaultsClient.swift in Sources */ = {isa = PBXBuildFile; fileRef = 134E0E9128D125C000A5F5E5 /* UserDefaultsClient.swift */; };
		134FAA1C28D6FAFC00B081FE /* String+Time.swift in Sources */ = {isa = PBXBuildFile; fileRef = 134FAA1B28D6FAFC00B081FE /* String+Time.swift */; };
		134FAA1D28D6FAFC00B081FE /* String+Time.swift in Sources */ = {isa = PBXBuildFile; fileRef = 134FAA1B28D6FAFC00B081FE /* String+Time.swift */; };
		134FAA1F28D6FBC200B081FE /* CMTime+String.swift in Sources */ = {isa = PBXBuildFile; fileRef = 134FAA1E28D6FBC200B081FE /* CMTime+String.swift */; };
		134FAA2028D6FBC200B081FE /* CMTime+String.swift in Sources */ = {isa = PBXBuildFile; fileRef = 134FAA1E28D6FBC200B081FE /* CMTime+String.swift */; };
		134FAA2428D762A200B081FE /* OrientationClient.swift in Sources */ = {isa = PBXBuildFile; fileRef = 134FAA2328D762A200B081FE /* OrientationClient.swift */; };
		134FAA2528D762A200B081FE /* OrientationClient.swift in Sources */ = {isa = PBXBuildFile; fileRef = 134FAA2328D762A200B081FE /* OrientationClient.swift */; };
		134FAA2728D7637900B081FE /* OrientationClient+Live.swift in Sources */ = {isa = PBXBuildFile; fileRef = 134FAA2628D7637900B081FE /* OrientationClient+Live.swift */; };
		134FAA2828D7637900B081FE /* OrientationClient+Live.swift in Sources */ = {isa = PBXBuildFile; fileRef = 134FAA2628D7637900B081FE /* OrientationClient+Live.swift */; };
		134FAA2A28D7638400B081FE /* OrientationClient+Mock.swift in Sources */ = {isa = PBXBuildFile; fileRef = 134FAA2928D7638400B081FE /* OrientationClient+Mock.swift */; };
		134FAA2B28D7638400B081FE /* OrientationClient+Mock.swift in Sources */ = {isa = PBXBuildFile; fileRef = 134FAA2928D7638400B081FE /* OrientationClient+Mock.swift */; };
		1352A05528DBC89600A5B20D /* ImageSize.swift in Sources */ = {isa = PBXBuildFile; fileRef = 1352A05428DBC89600A5B20D /* ImageSize.swift */; };
		1361FD2E28CE97BF00D7C569 /* Theme.swift in Sources */ = {isa = PBXBuildFile; fileRef = 1361FD2D28CE97BF00D7C569 /* Theme.swift */; };
		1361FD2F28CE97BF00D7C569 /* Theme.swift in Sources */ = {isa = PBXBuildFile; fileRef = 1361FD2D28CE97BF00D7C569 /* Theme.swift */; };
		1363011C28C5C49F0076BF0A /* TinyGraphQL in Frameworks */ = {isa = PBXBuildFile; productRef = 1363011B28C5C49F0076BF0A /* TinyGraphQL */; };
		1363011E28C5C4B00076BF0A /* TinyGraphQL in Frameworks */ = {isa = PBXBuildFile; productRef = 1363011D28C5C4B00076BF0A /* TinyGraphQL */; };
		13650F3328CFE0BF002E20DD /* AnimeClient.swift in Sources */ = {isa = PBXBuildFile; fileRef = 13650F3228CFE0BF002E20DD /* AnimeClient.swift */; };
		13650F3628D014B1002E20DD /* AnimeClient+Live.swift in Sources */ = {isa = PBXBuildFile; fileRef = 13650F3528D014B1002E20DD /* AnimeClient+Live.swift */; };
		13650F3828D04424002E20DD /* AnimeClient+Mock.swift in Sources */ = {isa = PBXBuildFile; fileRef = 13650F3728D04424002E20DD /* AnimeClient+Mock.swift */; };
		137A818128C51C7400B69503 /* URLRouting in Frameworks */ = {isa = PBXBuildFile; productRef = 137A818028C51C7400B69503 /* URLRouting */; };
		137A818328C51C8000B69503 /* URLRouting in Frameworks */ = {isa = PBXBuildFile; productRef = 137A818228C51C8000B69503 /* URLRouting */; };
		137A819728C53B2A00B69503 /* ContentCore.swift in Sources */ = {isa = PBXBuildFile; fileRef = 137A819528C53A6400B69503 /* ContentCore.swift */; };
		137A819928C5454800B69503 /* Anime.swift in Sources */ = {isa = PBXBuildFile; fileRef = 137A819828C5454800B69503 /* Anime.swift */; };
		137A819A28C5455100B69503 /* Anime.swift in Sources */ = {isa = PBXBuildFile; fileRef = 137A819828C5454800B69503 /* Anime.swift */; };
		137A819C28C5456400B69503 /* Episode.swift in Sources */ = {isa = PBXBuildFile; fileRef = 137A819B28C5456400B69503 /* Episode.swift */; };
		137A819D28C5456400B69503 /* Episode.swift in Sources */ = {isa = PBXBuildFile; fileRef = 137A819B28C5456400B69503 /* Episode.swift */; };
		137A81A328C5572200B69503 /* Kingfisher in Frameworks */ = {isa = PBXBuildFile; productRef = 137A81A228C5572200B69503 /* Kingfisher */; };
		137A81A528C5572E00B69503 /* Kingfisher in Frameworks */ = {isa = PBXBuildFile; productRef = 137A81A428C5572E00B69503 /* Kingfisher */; };
		138066E928C55BE30012DAFB /* HomeCore.swift in Sources */ = {isa = PBXBuildFile; fileRef = 137A818A28C535BE00B69503 /* HomeCore.swift */; };
		138066EA28C55BE30012DAFB /* HomeView.swift in Sources */ = {isa = PBXBuildFile; fileRef = 137A818928C535BE00B69503 /* HomeView.swift */; };
		138066EC28C5699F0012DAFB /* AnimeItemView.swift in Sources */ = {isa = PBXBuildFile; fileRef = 138066EB28C5699F0012DAFB /* AnimeItemView.swift */; };
		138066F228C572B50012DAFB /* SearchView.swift in Sources */ = {isa = PBXBuildFile; fileRef = 138066F028C572B50012DAFB /* SearchView.swift */; };
		138066F328C572B50012DAFB /* SearchCore.swift in Sources */ = {isa = PBXBuildFile; fileRef = 138066F128C572B50012DAFB /* SearchCore.swift */; };
		1384FF7728CB8D07003B011E /* SwiftUINavigation in Frameworks */ = {isa = PBXBuildFile; productRef = 1384FF7628CB8D07003B011E /* SwiftUINavigation */; };
		1384FF7928CB93FA003B011E /* Navigation+Extension.swift in Sources */ = {isa = PBXBuildFile; fileRef = 1384FF7828CB93FA003B011E /* Navigation+Extension.swift */; };
		1384FF7A28CB93FA003B011E /* Navigation+Extension.swift in Sources */ = {isa = PBXBuildFile; fileRef = 1384FF7828CB93FA003B011E /* Navigation+Extension.swift */; };
		1395FF7528C6920E00F21FB1 /* SociableWeaver in Frameworks */ = {isa = PBXBuildFile; productRef = 1395FF7428C6920E00F21FB1 /* SociableWeaver */; };
		13B14A0628D1710400BD923B /* SourceClient+Mock.swift in Sources */ = {isa = PBXBuildFile; fileRef = 13B14A0528D1710400BD923B /* SourceClient+Mock.swift */; };
		13B14A0728D1710400BD923B /* SourceClient+Mock.swift in Sources */ = {isa = PBXBuildFile; fileRef = 13B14A0528D1710400BD923B /* SourceClient+Mock.swift */; };
		13C3536B28C308A000A54E7E /* AnimeNow.xcdatamodeld in Sources */ = {isa = PBXBuildFile; fileRef = 13C3535828C3089E00A54E7E /* AnimeNow.xcdatamodeld */; };
		13C3536C28C308A000A54E7E /* AnimeNow.xcdatamodeld in Sources */ = {isa = PBXBuildFile; fileRef = 13C3535828C3089E00A54E7E /* AnimeNow.xcdatamodeld */; };
		13C3536D28C308A000A54E7E /* AnimeNowApp.swift in Sources */ = {isa = PBXBuildFile; fileRef = 13C3535A28C3089E00A54E7E /* AnimeNowApp.swift */; };
		13C3536E28C308A000A54E7E /* AnimeNowApp.swift in Sources */ = {isa = PBXBuildFile; fileRef = 13C3535A28C3089E00A54E7E /* AnimeNowApp.swift */; };
		13C3536F28C308A000A54E7E /* ContentView.swift in Sources */ = {isa = PBXBuildFile; fileRef = 13C3535B28C3089E00A54E7E /* ContentView.swift */; };
		13C3537328C308A000A54E7E /* Assets.xcassets in Resources */ = {isa = PBXBuildFile; fileRef = 13C3535D28C308A000A54E7E /* Assets.xcassets */; };
		13C3537428C308A000A54E7E /* Assets.xcassets in Resources */ = {isa = PBXBuildFile; fileRef = 13C3535D28C308A000A54E7E /* Assets.xcassets */; };
		13C3537F28C311B300A54E7E /* ComposableArchitecture in Frameworks */ = {isa = PBXBuildFile; productRef = 13C3537E28C311B300A54E7E /* ComposableArchitecture */; };
		13D2846528CF08F500332556 /* XCTestDynamicOverlay in Frameworks */ = {isa = PBXBuildFile; productRef = 13D2846428CF08F500332556 /* XCTestDynamicOverlay */; };
		13D2846728CF090700332556 /* XCTestDynamicOverlay in Frameworks */ = {isa = PBXBuildFile; productRef = 13D2846628CF090700332556 /* XCTestDynamicOverlay */; };
		13D2846928CF090B00332556 /* SwiftUINavigation in Frameworks */ = {isa = PBXBuildFile; productRef = 13D2846828CF090B00332556 /* SwiftUINavigation */; };
		13D68EAF28D38D1B00B0D5DB /* VideoPlayerView.swift in Sources */ = {isa = PBXBuildFile; fileRef = 13D68EAE28D38D1B00B0D5DB /* VideoPlayerView.swift */; };
		13E1AA6B28DCEBD800D20745 /* SidebarQualityCore.swift in Sources */ = {isa = PBXBuildFile; fileRef = 13E1AA6A28DCEBD800D20745 /* SidebarQualityCore.swift */; };
		13E1AA6D28DCEBE500D20745 /* SidebarSourcesCore.swift in Sources */ = {isa = PBXBuildFile; fileRef = 13E1AA6C28DCEBE500D20745 /* SidebarSourcesCore.swift */; };
		13E1AA6F28DCEBF300D20745 /* SidebarSubtitlesCore.swift in Sources */ = {isa = PBXBuildFile; fileRef = 13E1AA6E28DCEBF300D20745 /* SidebarSubtitlesCore.swift */; };
		13E4BCF028C829A80039D880 /* AnimeDetailView.swift in Sources */ = {isa = PBXBuildFile; fileRef = 13E4BCEE28C829A80039D880 /* AnimeDetailView.swift */; };
		13E4BCF128C829A80039D880 /* AnimeDetailCore.swift in Sources */ = {isa = PBXBuildFile; fileRef = 13E4BCEF28C829A80039D880 /* AnimeDetailCore.swift */; };
		13E512C728C79E5E00B298BA /* GraphQLModels.swift in Sources */ = {isa = PBXBuildFile; fileRef = 13E512C628C79E5E00B298BA /* GraphQLModels.swift */; };
		13F3D97D28DE555500D00F06 /* README.md in Resources */ = {isa = PBXBuildFile; fileRef = 13F3D97C28DE555500D00F06 /* README.md */; };
		13FC21C828C39762000F0F79 /* RepositoryClient.swift in Sources */ = {isa = PBXBuildFile; fileRef = 13FC21C728C39762000F0F79 /* RepositoryClient.swift */; };
		13FC21CA28C3976D000F0F79 /* RepositoryClient+Live.swift in Sources */ = {isa = PBXBuildFile; fileRef = 13FC21C928C3976D000F0F79 /* RepositoryClient+Live.swift */; };
		13FC21CC28C39779000F0F79 /* RepositoryClient+Mock.swift in Sources */ = {isa = PBXBuildFile; fileRef = 13FC21CB28C39779000F0F79 /* RepositoryClient+Mock.swift */; };
		13FC21CE28C397A2000F0F79 /* DomainModel.swift in Sources */ = {isa = PBXBuildFile; fileRef = 13FC21CD28C397A2000F0F79 /* DomainModel.swift */; };
		13FC21D028C397D7000F0F79 /* ManagedModel.swift in Sources */ = {isa = PBXBuildFile; fileRef = 13FC21CF28C397D7000F0F79 /* ManagedModel.swift */; };
		13FC21D128C3991C000F0F79 /* ManagedModel.swift in Sources */ = {isa = PBXBuildFile; fileRef = 13FC21CF28C397D7000F0F79 /* ManagedModel.swift */; };
		13FC21D228C3991F000F0F79 /* DomainModel.swift in Sources */ = {isa = PBXBuildFile; fileRef = 13FC21CD28C397A2000F0F79 /* DomainModel.swift */; };
		13FC21D328C39928000F0F79 /* RepositoryClient.swift in Sources */ = {isa = PBXBuildFile; fileRef = 13FC21C728C39762000F0F79 /* RepositoryClient.swift */; };
		13FC21D428C39928000F0F79 /* RepositoryClient+Live.swift in Sources */ = {isa = PBXBuildFile; fileRef = 13FC21C928C3976D000F0F79 /* RepositoryClient+Live.swift */; };
		13FC21D528C39928000F0F79 /* RepositoryClient+Mock.swift in Sources */ = {isa = PBXBuildFile; fileRef = 13FC21CB28C39779000F0F79 /* RepositoryClient+Mock.swift */; };
		13FC21D828C39FA5000F0F79 /* ComposableArchitecture in Frameworks */ = {isa = PBXBuildFile; productRef = 13FC21D728C39FA5000F0F79 /* ComposableArchitecture */; };
		13FC21DF28C3A3FD000F0F79 /* Persistence.swift in Sources */ = {isa = PBXBuildFile; fileRef = 13FC21DE28C3A3FD000F0F79 /* Persistence.swift */; };
		13FC21E028C3A439000F0F79 /* Persistence.swift in Sources */ = {isa = PBXBuildFile; fileRef = 13FC21DE28C3A3FD000F0F79 /* Persistence.swift */; };
		13FC21E628C3C2C6000F0F79 /* ListClient.swift in Sources */ = {isa = PBXBuildFile; fileRef = 13FC21E528C3C2C6000F0F79 /* ListClient.swift */; };
		13FC21ED28C40193000F0F79 /* ListClient+Kitsu.swift in Sources */ = {isa = PBXBuildFile; fileRef = 13FC21EC28C40193000F0F79 /* ListClient+Kitsu.swift */; };
		13FC21EE28C401E1000F0F79 /* ListClient+Kitsu.swift in Sources */ = {isa = PBXBuildFile; fileRef = 13FC21EC28C40193000F0F79 /* ListClient+Kitsu.swift */; };
		13FC21EF28C401E3000F0F79 /* ListClient.swift in Sources */ = {isa = PBXBuildFile; fileRef = 13FC21E528C3C2C6000F0F79 /* ListClient.swift */; };
		13FC21F828C46E06000F0F79 /* API.swift in Sources */ = {isa = PBXBuildFile; fileRef = 13FC21F728C46E06000F0F79 /* API.swift */; };
		13FC21F928C46E06000F0F79 /* API.swift in Sources */ = {isa = PBXBuildFile; fileRef = 13FC21F728C46E06000F0F79 /* API.swift */; };
		13FC747328CFA10A00A77818 /* Source.swift in Sources */ = {isa = PBXBuildFile; fileRef = 13FC747228CFA10A00A77818 /* Source.swift */; };
		13FC747428CFA10A00A77818 /* Source.swift in Sources */ = {isa = PBXBuildFile; fileRef = 13FC747228CFA10A00A77818 /* Source.swift */; };
		13FC747628CFB4FB00A77818 /* SourceClient.swift in Sources */ = {isa = PBXBuildFile; fileRef = 13FC747528CFB4FB00A77818 /* SourceClient.swift */; };
		13FC747728CFB4FB00A77818 /* SourceClient.swift in Sources */ = {isa = PBXBuildFile; fileRef = 13FC747528CFB4FB00A77818 /* SourceClient.swift */; };
		13FC747928CFB54600A77818 /* SourceClient+Live.swift in Sources */ = {isa = PBXBuildFile; fileRef = 13FC747828CFB54600A77818 /* SourceClient+Live.swift */; };
		13FC747A28CFB54600A77818 /* SourceClient+Live.swift in Sources */ = {isa = PBXBuildFile; fileRef = 13FC747828CFB54600A77818 /* SourceClient+Live.swift */; };
/* End PBXBuildFile section */

/* Begin PBXFileReference section */
		1312FD5428DD4251004A415F /* SidebarEpisodesCore.swift */ = {isa = PBXFileReference; lastKnownFileType = sourcecode.swift; path = SidebarEpisodesCore.swift; sourceTree = "<group>"; };
		1312FD5728DD45A4004A415F /* SidebarEpisodesView.swift */ = {isa = PBXFileReference; lastKnownFileType = sourcecode.swift; path = SidebarEpisodesView.swift; sourceTree = "<group>"; };
		1312FD5928DD4B52004A415F /* EpisodeItemCompactView.swift */ = {isa = PBXFileReference; lastKnownFileType = sourcecode.swift; path = EpisodeItemCompactView.swift; sourceTree = "<group>"; };
		1312FD5B28DD4BEA004A415F /* EpisodeItemBigView.swift */ = {isa = PBXFileReference; lastKnownFileType = sourcecode.swift; path = EpisodeItemBigView.swift; sourceTree = "<group>"; };
		1312FD5D28DD6452004A415F /* SidebarSourcesView.swift */ = {isa = PBXFileReference; lastKnownFileType = sourcecode.swift; path = SidebarSourcesView.swift; sourceTree = "<group>"; };
		1312FD5F28DD6934004A415F /* SeekbarView.swift */ = {isa = PBXFileReference; lastKnownFileType = sourcecode.swift; path = SeekbarView.swift; sourceTree = "<group>"; };
		1312FD6128DD7CB0004A415F /* AirplayRouterPickerView.swift */ = {isa = PBXFileReference; lastKnownFileType = sourcecode.swift; path = AirplayRouterPickerView.swift; sourceTree = "<group>"; };
		1318EEE528D5374B00EB85FA /* AVKit.framework */ = {isa = PBXFileReference; lastKnownFileType = wrapper.framework; name = AVKit.framework; path = Platforms/iPhoneOS.platform/Developer/SDKs/iPhoneOS15.5.sdk/System/Library/Frameworks/AVKit.framework; sourceTree = DEVELOPER_DIR; };
		1318EEE728D5375100EB85FA /* AVFoundation.framework */ = {isa = PBXFileReference; lastKnownFileType = wrapper.framework; name = AVFoundation.framework; path = Platforms/iPhoneOS.platform/Developer/SDKs/iPhoneOS15.5.sdk/System/Library/Frameworks/AVFoundation.framework; sourceTree = DEVELOPER_DIR; };
		132754F528D269B200A6C525 /* ListClient+AniList.swift */ = {isa = PBXFileReference; lastKnownFileType = sourcecode.swift; path = "ListClient+AniList.swift"; sourceTree = "<group>"; };
		132754FB28D2883500A6C525 /* CompressableText.swift */ = {isa = PBXFileReference; lastKnownFileType = sourcecode.swift; path = CompressableText.swift; sourceTree = "<group>"; };
		132754FE28D28F5A00A6C525 /* Array+Duplicates.swift */ = {isa = PBXFileReference; lastKnownFileType = sourcecode.swift; path = "Array+Duplicates.swift"; sourceTree = "<group>"; };
		1327550528D2A11A00A6C525 /* UserDefaultsClient+Live.swift */ = {isa = PBXFileReference; lastKnownFileType = sourcecode.swift; path = "UserDefaultsClient+Live.swift"; sourceTree = "<group>"; };
		1327550828D2A7C400A6C525 /* UserDefaultsClient+Mock.swift */ = {isa = PBXFileReference; lastKnownFileType = sourcecode.swift; path = "UserDefaultsClient+Mock.swift"; sourceTree = "<group>"; };
		1327553128D2C16C00A6C525 /* VideoPlayerCore.swift */ = {isa = PBXFileReference; fileEncoding = 4; lastKnownFileType = sourcecode.swift; path = VideoPlayerCore.swift; sourceTree = "<group>"; };
		1327553228D2C16C00A6C525 /* AVPlayerView.swift */ = {isa = PBXFileReference; fileEncoding = 4; lastKnownFileType = sourcecode.swift; path = AVPlayerView.swift; sourceTree = "<group>"; };
		13378BA728C9B4E5000FF0D8 /* Throwable.swift */ = {isa = PBXFileReference; lastKnownFileType = sourcecode.swift; path = Throwable.swift; sourceTree = "<group>"; };
		13386AE628CBFD7A005E8352 /* LoadableState.swift */ = {isa = PBXFileReference; lastKnownFileType = sourcecode.swift; path = LoadableState.swift; sourceTree = "<group>"; };
		13386AED28CC2892005E8352 /* ShimmerView.swift */ = {isa = PBXFileReference; lastKnownFileType = sourcecode.swift; path = ShimmerView.swift; sourceTree = "<group>"; };
		13386AF028CC3239005E8352 /* BlurView.swift */ = {isa = PBXFileReference; lastKnownFileType = sourcecode.swift; path = BlurView.swift; sourceTree = "<group>"; };
		13446E7F28CA4AB100F815C6 /* SettingsView.swift */ = {isa = PBXFileReference; fileEncoding = 4; lastKnownFileType = sourcecode.swift; path = SettingsView.swift; sourceTree = "<group>"; };
		13446E8028CA4AB100F815C6 /* SettingsCore.swift */ = {isa = PBXFileReference; fileEncoding = 4; lastKnownFileType = sourcecode.swift; path = SettingsCore.swift; sourceTree = "<group>"; };
		134E0E9128D125C000A5F5E5 /* UserDefaultsClient.swift */ = {isa = PBXFileReference; lastKnownFileType = sourcecode.swift; path = UserDefaultsClient.swift; sourceTree = "<group>"; };
		134FAA1B28D6FAFC00B081FE /* String+Time.swift */ = {isa = PBXFileReference; lastKnownFileType = sourcecode.swift; path = "String+Time.swift"; sourceTree = "<group>"; };
		134FAA1E28D6FBC200B081FE /* CMTime+String.swift */ = {isa = PBXFileReference; lastKnownFileType = sourcecode.swift; path = "CMTime+String.swift"; sourceTree = "<group>"; };
		134FAA2328D762A200B081FE /* OrientationClient.swift */ = {isa = PBXFileReference; lastKnownFileType = sourcecode.swift; path = OrientationClient.swift; sourceTree = "<group>"; };
		134FAA2628D7637900B081FE /* OrientationClient+Live.swift */ = {isa = PBXFileReference; lastKnownFileType = sourcecode.swift; path = "OrientationClient+Live.swift"; sourceTree = "<group>"; };
		134FAA2928D7638400B081FE /* OrientationClient+Mock.swift */ = {isa = PBXFileReference; lastKnownFileType = sourcecode.swift; path = "OrientationClient+Mock.swift"; sourceTree = "<group>"; };
		1352A05428DBC89600A5B20D /* ImageSize.swift */ = {isa = PBXFileReference; lastKnownFileType = sourcecode.swift; path = ImageSize.swift; sourceTree = "<group>"; };
		1361FD2D28CE97BF00D7C569 /* Theme.swift */ = {isa = PBXFileReference; lastKnownFileType = sourcecode.swift; path = Theme.swift; sourceTree = "<group>"; };
		13650F3228CFE0BF002E20DD /* AnimeClient.swift */ = {isa = PBXFileReference; lastKnownFileType = sourcecode.swift; path = AnimeClient.swift; sourceTree = "<group>"; };
		13650F3528D014B1002E20DD /* AnimeClient+Live.swift */ = {isa = PBXFileReference; lastKnownFileType = sourcecode.swift; path = "AnimeClient+Live.swift"; sourceTree = "<group>"; };
		13650F3728D04424002E20DD /* AnimeClient+Mock.swift */ = {isa = PBXFileReference; lastKnownFileType = sourcecode.swift; path = "AnimeClient+Mock.swift"; sourceTree = "<group>"; };
		137A818928C535BE00B69503 /* HomeView.swift */ = {isa = PBXFileReference; lastKnownFileType = sourcecode.swift; path = HomeView.swift; sourceTree = "<group>"; };
		137A818A28C535BE00B69503 /* HomeCore.swift */ = {isa = PBXFileReference; lastKnownFileType = sourcecode.swift; path = HomeCore.swift; sourceTree = "<group>"; };
		137A819128C538F100B69503 /* HomeView.swift */ = {isa = PBXFileReference; fileEncoding = 4; lastKnownFileType = sourcecode.swift; path = HomeView.swift; sourceTree = "<group>"; };
		137A819228C538F100B69503 /* HomeCore.swift */ = {isa = PBXFileReference; fileEncoding = 4; lastKnownFileType = sourcecode.swift; path = HomeCore.swift; sourceTree = "<group>"; };
		137A819528C53A6400B69503 /* ContentCore.swift */ = {isa = PBXFileReference; lastKnownFileType = sourcecode.swift; path = ContentCore.swift; sourceTree = "<group>"; };
		137A819828C5454800B69503 /* Anime.swift */ = {isa = PBXFileReference; lastKnownFileType = sourcecode.swift; path = Anime.swift; sourceTree = "<group>"; };
		137A819B28C5456400B69503 /* Episode.swift */ = {isa = PBXFileReference; lastKnownFileType = sourcecode.swift; path = Episode.swift; sourceTree = "<group>"; };
		138066EB28C5699F0012DAFB /* AnimeItemView.swift */ = {isa = PBXFileReference; lastKnownFileType = sourcecode.swift; path = AnimeItemView.swift; sourceTree = "<group>"; };
		138066F028C572B50012DAFB /* SearchView.swift */ = {isa = PBXFileReference; fileEncoding = 4; lastKnownFileType = sourcecode.swift; path = SearchView.swift; sourceTree = "<group>"; };
		138066F128C572B50012DAFB /* SearchCore.swift */ = {isa = PBXFileReference; fileEncoding = 4; lastKnownFileType = sourcecode.swift; path = SearchCore.swift; sourceTree = "<group>"; };
		1384FF7828CB93FA003B011E /* Navigation+Extension.swift */ = {isa = PBXFileReference; lastKnownFileType = sourcecode.swift; path = "Navigation+Extension.swift"; sourceTree = "<group>"; };
		13B14A0528D1710400BD923B /* SourceClient+Mock.swift */ = {isa = PBXFileReference; lastKnownFileType = sourcecode.swift; path = "SourceClient+Mock.swift"; sourceTree = "<group>"; };
		13C3535928C3089E00A54E7E /* Shared.xcdatamodel */ = {isa = PBXFileReference; lastKnownFileType = wrapper.xcdatamodel; path = Shared.xcdatamodel; sourceTree = "<group>"; };
		13C3535A28C3089E00A54E7E /* AnimeNowApp.swift */ = {isa = PBXFileReference; lastKnownFileType = sourcecode.swift; path = AnimeNowApp.swift; sourceTree = "<group>"; };
		13C3535B28C3089E00A54E7E /* ContentView.swift */ = {isa = PBXFileReference; lastKnownFileType = sourcecode.swift; path = ContentView.swift; sourceTree = "<group>"; };
		13C3535D28C308A000A54E7E /* Assets.xcassets */ = {isa = PBXFileReference; lastKnownFileType = folder.assetcatalog; path = Assets.xcassets; sourceTree = "<group>"; };
		13C3536228C308A000A54E7E /* Anime Now!.app */ = {isa = PBXFileReference; explicitFileType = wrapper.application; includeInIndex = 0; path = "Anime Now!.app"; sourceTree = BUILT_PRODUCTS_DIR; };
		13C3536828C308A000A54E7E /* Anime Now!.app */ = {isa = PBXFileReference; explicitFileType = wrapper.application; includeInIndex = 0; path = "Anime Now!.app"; sourceTree = BUILT_PRODUCTS_DIR; };
		13C3536A28C308A000A54E7E /* macOS.entitlements */ = {isa = PBXFileReference; lastKnownFileType = text.plist.entitlements; path = macOS.entitlements; sourceTree = "<group>"; };
		13D68EAE28D38D1B00B0D5DB /* VideoPlayerView.swift */ = {isa = PBXFileReference; lastKnownFileType = sourcecode.swift; path = VideoPlayerView.swift; sourceTree = "<group>"; };
		13E1AA6A28DCEBD800D20745 /* SidebarQualityCore.swift */ = {isa = PBXFileReference; lastKnownFileType = sourcecode.swift; path = SidebarQualityCore.swift; sourceTree = "<group>"; };
		13E1AA6C28DCEBE500D20745 /* SidebarSourcesCore.swift */ = {isa = PBXFileReference; lastKnownFileType = sourcecode.swift; path = SidebarSourcesCore.swift; sourceTree = "<group>"; };
		13E1AA6E28DCEBF300D20745 /* SidebarSubtitlesCore.swift */ = {isa = PBXFileReference; lastKnownFileType = sourcecode.swift; path = SidebarSubtitlesCore.swift; sourceTree = "<group>"; };
		13E4BCEE28C829A80039D880 /* AnimeDetailView.swift */ = {isa = PBXFileReference; fileEncoding = 4; lastKnownFileType = sourcecode.swift; path = AnimeDetailView.swift; sourceTree = "<group>"; };
		13E4BCEF28C829A80039D880 /* AnimeDetailCore.swift */ = {isa = PBXFileReference; fileEncoding = 4; lastKnownFileType = sourcecode.swift; path = AnimeDetailCore.swift; sourceTree = "<group>"; };
		13E512C628C79E5E00B298BA /* GraphQLModels.swift */ = {isa = PBXFileReference; lastKnownFileType = sourcecode.swift; path = GraphQLModels.swift; sourceTree = "<group>"; };
		13F3D97C28DE555500D00F06 /* README.md */ = {isa = PBXFileReference; lastKnownFileType = net.daringfireball.markdown; path = README.md; sourceTree = "<group>"; };
		13FC21C728C39762000F0F79 /* RepositoryClient.swift */ = {isa = PBXFileReference; lastKnownFileType = sourcecode.swift; path = RepositoryClient.swift; sourceTree = "<group>"; };
		13FC21C928C3976D000F0F79 /* RepositoryClient+Live.swift */ = {isa = PBXFileReference; lastKnownFileType = sourcecode.swift; path = "RepositoryClient+Live.swift"; sourceTree = "<group>"; };
		13FC21CB28C39779000F0F79 /* RepositoryClient+Mock.swift */ = {isa = PBXFileReference; lastKnownFileType = sourcecode.swift; path = "RepositoryClient+Mock.swift"; sourceTree = "<group>"; };
		13FC21CD28C397A2000F0F79 /* DomainModel.swift */ = {isa = PBXFileReference; lastKnownFileType = sourcecode.swift; path = DomainModel.swift; sourceTree = "<group>"; };
		13FC21CF28C397D7000F0F79 /* ManagedModel.swift */ = {isa = PBXFileReference; lastKnownFileType = sourcecode.swift; path = ManagedModel.swift; sourceTree = "<group>"; };
		13FC21DE28C3A3FD000F0F79 /* Persistence.swift */ = {isa = PBXFileReference; lastKnownFileType = sourcecode.swift; path = Persistence.swift; sourceTree = "<group>"; };
		13FC21E528C3C2C6000F0F79 /* ListClient.swift */ = {isa = PBXFileReference; lastKnownFileType = sourcecode.swift; path = ListClient.swift; sourceTree = "<group>"; };
		13FC21EC28C40193000F0F79 /* ListClient+Kitsu.swift */ = {isa = PBXFileReference; lastKnownFileType = sourcecode.swift; path = "ListClient+Kitsu.swift"; sourceTree = "<group>"; };
		13FC21F028C41648000F0F79 /* ContentView.swift */ = {isa = PBXFileReference; lastKnownFileType = sourcecode.swift; path = ContentView.swift; sourceTree = "<group>"; };
		13FC21F728C46E06000F0F79 /* API.swift */ = {isa = PBXFileReference; lastKnownFileType = sourcecode.swift; path = API.swift; sourceTree = "<group>"; };
		13FC747228CFA10A00A77818 /* Source.swift */ = {isa = PBXFileReference; lastKnownFileType = sourcecode.swift; path = Source.swift; sourceTree = "<group>"; };
		13FC747528CFB4FB00A77818 /* SourceClient.swift */ = {isa = PBXFileReference; lastKnownFileType = sourcecode.swift; path = SourceClient.swift; sourceTree = "<group>"; };
		13FC747828CFB54600A77818 /* SourceClient+Live.swift */ = {isa = PBXFileReference; lastKnownFileType = sourcecode.swift; path = "SourceClient+Live.swift"; sourceTree = "<group>"; };
/* End PBXFileReference section */

/* Begin PBXFrameworksBuildPhase section */
		13C3535F28C308A000A54E7E /* Frameworks */ = {
			isa = PBXFrameworksBuildPhase;
			buildActionMask = 2147483647;
			files = (
				137A81A328C5572200B69503 /* Kingfisher in Frameworks */,
				1395FF7528C6920E00F21FB1 /* SociableWeaver in Frameworks */,
				1318EEE828D5375100EB85FA /* AVFoundation.framework in Frameworks */,
				1318EEE628D5374C00EB85FA /* AVKit.framework in Frameworks */,
				13C3537F28C311B300A54E7E /* ComposableArchitecture in Frameworks */,
				1363011C28C5C49F0076BF0A /* TinyGraphQL in Frameworks */,
				1384FF7728CB8D07003B011E /* SwiftUINavigation in Frameworks */,
				13D2846528CF08F500332556 /* XCTestDynamicOverlay in Frameworks */,
				137A818128C51C7400B69503 /* URLRouting in Frameworks */,
			);
			runOnlyForDeploymentPostprocessing = 0;
		};
		13C3536528C308A000A54E7E /* Frameworks */ = {
			isa = PBXFrameworksBuildPhase;
			buildActionMask = 2147483647;
			files = (
				13D2846728CF090700332556 /* XCTestDynamicOverlay in Frameworks */,
				137A81A528C5572E00B69503 /* Kingfisher in Frameworks */,
				13D2846928CF090B00332556 /* SwiftUINavigation in Frameworks */,
				1327550C28D2AA8E00A6C525 /* SociableWeaver in Frameworks */,
				13FC21D828C39FA5000F0F79 /* ComposableArchitecture in Frameworks */,
				1363011E28C5C4B00076BF0A /* TinyGraphQL in Frameworks */,
				137A818328C51C8000B69503 /* URLRouting in Frameworks */,
			);
			runOnlyForDeploymentPostprocessing = 0;
		};
/* End PBXFrameworksBuildPhase section */

/* Begin PBXGroup section */
		1312FD5028DD4219004A415F /* SidebarQuality */ = {
			isa = PBXGroup;
			children = (
				13E1AA6A28DCEBD800D20745 /* SidebarQualityCore.swift */,
			);
			path = SidebarQuality;
			sourceTree = "<group>";
		};
		1312FD5128DD4222004A415F /* SidebarSources */ = {
			isa = PBXGroup;
			children = (
				13E1AA6C28DCEBE500D20745 /* SidebarSourcesCore.swift */,
				1312FD5D28DD6452004A415F /* SidebarSourcesView.swift */,
			);
			path = SidebarSources;
			sourceTree = "<group>";
		};
		1312FD5228DD4228004A415F /* SidebarSubtitles */ = {
			isa = PBXGroup;
			children = (
				13E1AA6E28DCEBF300D20745 /* SidebarSubtitlesCore.swift */,
			);
			path = SidebarSubtitles;
			sourceTree = "<group>";
		};
		1312FD5328DD423D004A415F /* SidebarEpisodes */ = {
			isa = PBXGroup;
			children = (
				1312FD5428DD4251004A415F /* SidebarEpisodesCore.swift */,
				1312FD5728DD45A4004A415F /* SidebarEpisodesView.swift */,
			);
			path = SidebarEpisodes;
			sourceTree = "<group>";
		};
		1327553028D2C16C00A6C525 /* VideoPlayer */ = {
			isa = PBXGroup;
			children = (
				1312FD5328DD423D004A415F /* SidebarEpisodes */,
				1312FD5228DD4228004A415F /* SidebarSubtitles */,
				1312FD5128DD4222004A415F /* SidebarSources */,
				1312FD5028DD4219004A415F /* SidebarQuality */,
				1327553128D2C16C00A6C525 /* VideoPlayerCore.swift */,
				13D68EAE28D38D1B00B0D5DB /* VideoPlayerView.swift */,
			);
			path = VideoPlayer;
			sourceTree = "<group>";
		};
		13386AE928CC16F2005E8352 /* Components */ = {
			isa = PBXGroup;
			children = (
				138066EB28C5699F0012DAFB /* AnimeItemView.swift */,
				1312FD6128DD7CB0004A415F /* AirplayRouterPickerView.swift */,
				1327553228D2C16C00A6C525 /* AVPlayerView.swift */,
				13386AF028CC3239005E8352 /* BlurView.swift */,
				132754FB28D2883500A6C525 /* CompressableText.swift */,
				1312FD5928DD4B52004A415F /* EpisodeItemCompactView.swift */,
				1312FD5B28DD4BEA004A415F /* EpisodeItemBigView.swift */,
				1312FD5F28DD6934004A415F /* SeekbarView.swift */,
			);
			path = Components;
			sourceTree = "<group>";
		};
		13446E7E28CA4AB100F815C6 /* Settings */ = {
			isa = PBXGroup;
			children = (
				13446E7F28CA4AB100F815C6 /* SettingsView.swift */,
				13446E8028CA4AB100F815C6 /* SettingsCore.swift */,
			);
			path = Settings;
			sourceTree = "<group>";
		};
		134E0E8D28D0EBB400A5F5E5 /* Main */ = {
			isa = PBXGroup;
			children = (
				13C3535B28C3089E00A54E7E /* ContentView.swift */,
				137A819528C53A6400B69503 /* ContentCore.swift */,
			);
			path = Main;
			sourceTree = "<group>";
		};
		134E0E9028D1259F00A5F5E5 /* UserDefaultsClient */ = {
			isa = PBXGroup;
			children = (
				134E0E9128D125C000A5F5E5 /* UserDefaultsClient.swift */,
				1327550528D2A11A00A6C525 /* UserDefaultsClient+Live.swift */,
				1327550828D2A7C400A6C525 /* UserDefaultsClient+Mock.swift */,
			);
			path = UserDefaultsClient;
			sourceTree = "<group>";
		};
		134FAA2128D7628400B081FE /* Clients */ = {
			isa = PBXGroup;
			children = (
				134FAA2228D7628C00B081FE /* OrientationClient */,
			);
			path = Clients;
			sourceTree = "<group>";
		};
		134FAA2228D7628C00B081FE /* OrientationClient */ = {
			isa = PBXGroup;
			children = (
				134FAA2328D762A200B081FE /* OrientationClient.swift */,
				134FAA2628D7637900B081FE /* OrientationClient+Live.swift */,
				134FAA2928D7638400B081FE /* OrientationClient+Mock.swift */,
			);
			path = OrientationClient;
			sourceTree = "<group>";
		};
		1361FD3028CE9D4100D7C569 /* SourceClient */ = {
			isa = PBXGroup;
			children = (
				13FC747528CFB4FB00A77818 /* SourceClient.swift */,
				13FC747828CFB54600A77818 /* SourceClient+Live.swift */,
				13B14A0528D1710400BD923B /* SourceClient+Mock.swift */,
			);
			path = SourceClient;
			sourceTree = "<group>";
		};
		13650F3428CFE9A6002E20DD /* AnimeClient */ = {
			isa = PBXGroup;
			children = (
				13650F3228CFE0BF002E20DD /* AnimeClient.swift */,
				13650F3728D04424002E20DD /* AnimeClient+Mock.swift */,
				13650F3528D014B1002E20DD /* AnimeClient+Live.swift */,
			);
			path = AnimeClient;
			sourceTree = "<group>";
		};
		137A818428C5342F00B69503 /* Scenes */ = {
			isa = PBXGroup;
			children = (
				13386AE928CC16F2005E8352 /* Components */,
				134E0E8D28D0EBB400A5F5E5 /* Main */,
				137A818D28C535CF00B69503 /* Home */,
				13E4BCED28C829A80039D880 /* AnimeDetail */,
				1327553028D2C16C00A6C525 /* VideoPlayer */,
				13446E7E28CA4AB100F815C6 /* Settings */,
				138066EF28C572B50012DAFB /* Search */,
			);
			path = Scenes;
			sourceTree = "<group>";
		};
		137A818D28C535CF00B69503 /* Home */ = {
			isa = PBXGroup;
			children = (
				137A818A28C535BE00B69503 /* HomeCore.swift */,
				137A818928C535BE00B69503 /* HomeView.swift */,
			);
			path = Home;
			sourceTree = "<group>";
		};
		137A819028C538F100B69503 /* Home */ = {
			isa = PBXGroup;
			children = (
				137A819128C538F100B69503 /* HomeView.swift */,
				137A819228C538F100B69503 /* HomeCore.swift */,
			);
			path = Home;
			sourceTree = "<group>";
		};
		138066EF28C572B50012DAFB /* Search */ = {
			isa = PBXGroup;
			children = (
				138066F028C572B50012DAFB /* SearchView.swift */,
				138066F128C572B50012DAFB /* SearchCore.swift */,
			);
			path = Search;
			sourceTree = "<group>";
		};
		13C3535228C3089E00A54E7E = {
			isa = PBXGroup;
			children = (
				13F3D97C28DE555500D00F06 /* README.md */,
				13C3535728C3089E00A54E7E /* Shared */,
				13FC21C128C3960E000F0F79 /* iOS */,
				13C3536928C308A000A54E7E /* macOS */,
				13C3536328C308A000A54E7E /* Products */,
				13FC21D628C39FA5000F0F79 /* Frameworks */,
			);
			sourceTree = "<group>";
		};
		13C3535728C3089E00A54E7E /* Shared */ = {
			isa = PBXGroup;
			children = (
				13FC21DD28C3A3D4000F0F79 /* Supporting Files */,
				13FC21C528C396F3000F0F79 /* Clients */,
				13FC21C028C395FF000F0F79 /* Data */,
				13C3535A28C3089E00A54E7E /* AnimeNowApp.swift */,
				13C3535D28C308A000A54E7E /* Assets.xcassets */,
				13C3535828C3089E00A54E7E /* AnimeNow.xcdatamodeld */,
			);
			path = Shared;
			sourceTree = "<group>";
		};
		13C3536328C308A000A54E7E /* Products */ = {
			isa = PBXGroup;
			children = (
				13C3536228C308A000A54E7E /* Anime Now!.app */,
				13C3536828C308A000A54E7E /* Anime Now!.app */,
			);
			name = Products;
			sourceTree = "<group>";
		};
		13C3536928C308A000A54E7E /* macOS */ = {
			isa = PBXGroup;
			children = (
				13FC21E928C3F08E000F0F79 /* Scenes */,
				13FC21F028C41648000F0F79 /* ContentView.swift */,
				13C3536A28C308A000A54E7E /* macOS.entitlements */,
			);
			path = macOS;
			sourceTree = "<group>";
		};
		13E4BCED28C829A80039D880 /* AnimeDetail */ = {
			isa = PBXGroup;
			children = (
				13E4BCEE28C829A80039D880 /* AnimeDetailView.swift */,
				13E4BCEF28C829A80039D880 /* AnimeDetailCore.swift */,
			);
			path = AnimeDetail;
			sourceTree = "<group>";
		};
		13E512C528C79E5400B298BA /* GraphQL */ = {
			isa = PBXGroup;
			children = (
				13E512C628C79E5E00B298BA /* GraphQLModels.swift */,
			);
			path = GraphQL;
			sourceTree = "<group>";
		};
		13FC21C028C395FF000F0F79 /* Data */ = {
			isa = PBXGroup;
			children = (
				13E512C528C79E5400B298BA /* GraphQL */,
				13FC21C428C396E2000F0F79 /* Domain */,
				13FC21C328C396DA000F0F79 /* Network */,
				13FC21C228C396D1000F0F79 /* CoreData */,
			);
			path = Data;
			sourceTree = "<group>";
		};
		13FC21C128C3960E000F0F79 /* iOS */ = {
			isa = PBXGroup;
			children = (
				134FAA2128D7628400B081FE /* Clients */,
				137A818428C5342F00B69503 /* Scenes */,
			);
			path = iOS;
			sourceTree = "<group>";
		};
		13FC21C228C396D1000F0F79 /* CoreData */ = {
			isa = PBXGroup;
			children = (
				13FC21CD28C397A2000F0F79 /* DomainModel.swift */,
				13FC21CF28C397D7000F0F79 /* ManagedModel.swift */,
			);
			path = CoreData;
			sourceTree = "<group>";
		};
		13FC21C328C396DA000F0F79 /* Network */ = {
			isa = PBXGroup;
			children = (
				13FC21F728C46E06000F0F79 /* API.swift */,
			);
			path = Network;
			sourceTree = "<group>";
		};
		13FC21C428C396E2000F0F79 /* Domain */ = {
			isa = PBXGroup;
			children = (
				137A819828C5454800B69503 /* Anime.swift */,
				137A819B28C5456400B69503 /* Episode.swift */,
				13FC747228CFA10A00A77818 /* Source.swift */,
				1352A05428DBC89600A5B20D /* ImageSize.swift */,
			);
			path = Domain;
			sourceTree = "<group>";
		};
		13FC21C528C396F3000F0F79 /* Clients */ = {
			isa = PBXGroup;
			children = (
				134E0E9028D1259F00A5F5E5 /* UserDefaultsClient */,
				13650F3428CFE9A6002E20DD /* AnimeClient */,
				1361FD3028CE9D4100D7C569 /* SourceClient */,
				13FC21E428C3C28C000F0F79 /* ListClient */,
				13FC21C628C39749000F0F79 /* RepositoryClient */,
			);
			path = Clients;
			sourceTree = "<group>";
		};
		13FC21C628C39749000F0F79 /* RepositoryClient */ = {
			isa = PBXGroup;
			children = (
				13FC21C728C39762000F0F79 /* RepositoryClient.swift */,
				13FC21C928C3976D000F0F79 /* RepositoryClient+Live.swift */,
				13FC21CB28C39779000F0F79 /* RepositoryClient+Mock.swift */,
			);
			path = RepositoryClient;
			sourceTree = "<group>";
		};
		13FC21D628C39FA5000F0F79 /* Frameworks */ = {
			isa = PBXGroup;
			children = (
				1318EEE728D5375100EB85FA /* AVFoundation.framework */,
				1318EEE528D5374B00EB85FA /* AVKit.framework */,
			);
			name = Frameworks;
			sourceTree = "<group>";
		};
		13FC21DD28C3A3D4000F0F79 /* Supporting Files */ = {
			isa = PBXGroup;
			children = (
				13FC21DE28C3A3FD000F0F79 /* Persistence.swift */,
				13378BA728C9B4E5000FF0D8 /* Throwable.swift */,
				1384FF7828CB93FA003B011E /* Navigation+Extension.swift */,
				13386AE628CBFD7A005E8352 /* LoadableState.swift */,
				13386AED28CC2892005E8352 /* ShimmerView.swift */,
				1361FD2D28CE97BF00D7C569 /* Theme.swift */,
				132754FE28D28F5A00A6C525 /* Array+Duplicates.swift */,
				134FAA1B28D6FAFC00B081FE /* String+Time.swift */,
				134FAA1E28D6FBC200B081FE /* CMTime+String.swift */,
			);
			path = "Supporting Files";
			sourceTree = "<group>";
		};
		13FC21E428C3C28C000F0F79 /* ListClient */ = {
			isa = PBXGroup;
			children = (
				13FC21E528C3C2C6000F0F79 /* ListClient.swift */,
				13FC21EC28C40193000F0F79 /* ListClient+Kitsu.swift */,
				132754F528D269B200A6C525 /* ListClient+AniList.swift */,
			);
			path = ListClient;
			sourceTree = "<group>";
		};
		13FC21E928C3F08E000F0F79 /* Scenes */ = {
			isa = PBXGroup;
			children = (
				137A819028C538F100B69503 /* Home */,
			);
			path = Scenes;
			sourceTree = "<group>";
		};
/* End PBXGroup section */

/* Begin PBXNativeTarget section */
		13C3536128C308A000A54E7E /* Anime Now! (iOS) */ = {
			isa = PBXNativeTarget;
			buildConfigurationList = 13C3537728C308A000A54E7E /* Build configuration list for PBXNativeTarget "Anime Now! (iOS)" */;
			buildPhases = (
				13C3535E28C308A000A54E7E /* Sources */,
				13C3535F28C308A000A54E7E /* Frameworks */,
				13C3536028C308A000A54E7E /* Resources */,
			);
			buildRules = (
			);
			dependencies = (
			);
			name = "Anime Now! (iOS)";
			packageProductDependencies = (
				13C3537E28C311B300A54E7E /* ComposableArchitecture */,
				137A818028C51C7400B69503 /* URLRouting */,
				137A81A228C5572200B69503 /* Kingfisher */,
				1363011B28C5C49F0076BF0A /* TinyGraphQL */,
				1395FF7428C6920E00F21FB1 /* SociableWeaver */,
				1384FF7628CB8D07003B011E /* SwiftUINavigation */,
				13D2846428CF08F500332556 /* XCTestDynamicOverlay */,
			);
			productName = "Anime Now! (iOS)";
			productReference = 13C3536228C308A000A54E7E /* Anime Now!.app */;
			productType = "com.apple.product-type.application";
		};
		13C3536728C308A000A54E7E /* Anime Now! (macOS) */ = {
			isa = PBXNativeTarget;
			buildConfigurationList = 13C3537A28C308A000A54E7E /* Build configuration list for PBXNativeTarget "Anime Now! (macOS)" */;
			buildPhases = (
				13C3536428C308A000A54E7E /* Sources */,
				13C3536528C308A000A54E7E /* Frameworks */,
				13C3536628C308A000A54E7E /* Resources */,
			);
			buildRules = (
			);
			dependencies = (
			);
			name = "Anime Now! (macOS)";
			packageProductDependencies = (
				13FC21D728C39FA5000F0F79 /* ComposableArchitecture */,
				137A818228C51C8000B69503 /* URLRouting */,
				137A81A428C5572E00B69503 /* Kingfisher */,
				1363011D28C5C4B00076BF0A /* TinyGraphQL */,
				13D2846628CF090700332556 /* XCTestDynamicOverlay */,
				13D2846828CF090B00332556 /* SwiftUINavigation */,
				1327550B28D2AA8E00A6C525 /* SociableWeaver */,
			);
			productName = "Anime Now! (macOS)";
			productReference = 13C3536828C308A000A54E7E /* Anime Now!.app */;
			productType = "com.apple.product-type.application";
		};
/* End PBXNativeTarget section */

/* Begin PBXProject section */
		13C3535328C3089E00A54E7E /* Project object */ = {
			isa = PBXProject;
			attributes = {
				BuildIndependentTargetsInParallel = 1;
				LastSwiftUpdateCheck = 1340;
				LastUpgradeCheck = 1320;
				TargetAttributes = {
					13C3536128C308A000A54E7E = {
						CreatedOnToolsVersion = 13.2.1;
					};
					13C3536728C308A000A54E7E = {
						CreatedOnToolsVersion = 13.2.1;
					};
				};
			};
			buildConfigurationList = 13C3535628C3089E00A54E7E /* Build configuration list for PBXProject "Anime Now!" */;
			compatibilityVersion = "Xcode 13.0";
			developmentRegion = en;
			hasScannedForEncodings = 0;
			knownRegions = (
				en,
				Base,
			);
			mainGroup = 13C3535228C3089E00A54E7E;
			packageReferences = (
				13C3537D28C311B300A54E7E /* XCRemoteSwiftPackageReference "swift-composable-architecture" */,
				137A817F28C51C7400B69503 /* XCRemoteSwiftPackageReference "swift-url-routing" */,
				137A81A128C5572200B69503 /* XCRemoteSwiftPackageReference "Kingfisher" */,
				1363011A28C5C49F0076BF0A /* XCRemoteSwiftPackageReference "TinyGraphQL" */,
				1395FF7328C6920E00F21FB1 /* XCRemoteSwiftPackageReference "SociableWeaver" */,
				1384FF7528CB8D07003B011E /* XCRemoteSwiftPackageReference "swiftui-navigation" */,
				13D2846328CF08F500332556 /* XCRemoteSwiftPackageReference "xctest-dynamic-overlay" */,
			);
			productRefGroup = 13C3536328C308A000A54E7E /* Products */;
			projectDirPath = "";
			projectRoot = "";
			targets = (
				13C3536128C308A000A54E7E /* Anime Now! (iOS) */,
				13C3536728C308A000A54E7E /* Anime Now! (macOS) */,
			);
		};
/* End PBXProject section */

/* Begin PBXResourcesBuildPhase section */
		13C3536028C308A000A54E7E /* Resources */ = {
			isa = PBXResourcesBuildPhase;
			buildActionMask = 2147483647;
			files = (
				13F3D97D28DE555500D00F06 /* README.md in Resources */,
				13C3537328C308A000A54E7E /* Assets.xcassets in Resources */,
			);
			runOnlyForDeploymentPostprocessing = 0;
		};
		13C3536628C308A000A54E7E /* Resources */ = {
			isa = PBXResourcesBuildPhase;
			buildActionMask = 2147483647;
			files = (
				13C3537428C308A000A54E7E /* Assets.xcassets in Resources */,
			);
			runOnlyForDeploymentPostprocessing = 0;
		};
/* End PBXResourcesBuildPhase section */

/* Begin PBXSourcesBuildPhase section */
		13C3535E28C308A000A54E7E /* Sources */ = {
			isa = PBXSourcesBuildPhase;
			buildActionMask = 2147483647;
			files = (
				138066F228C572B50012DAFB /* SearchView.swift in Sources */,
				137A819A28C5455100B69503 /* Anime.swift in Sources */,
				138066E928C55BE30012DAFB /* HomeCore.swift in Sources */,
				13386AE728CBFD7A005E8352 /* LoadableState.swift in Sources */,
				1312FD5C28DD4BEA004A415F /* EpisodeItemBigView.swift in Sources */,
				13650F3328CFE0BF002E20DD /* AnimeClient.swift in Sources */,
				13FC21E628C3C2C6000F0F79 /* ListClient.swift in Sources */,
				13650F3628D014B1002E20DD /* AnimeClient+Live.swift in Sources */,
				1312FD6228DD7CB0004A415F /* AirplayRouterPickerView.swift in Sources */,
				138066F328C572B50012DAFB /* SearchCore.swift in Sources */,
				13E4BCF128C829A80039D880 /* AnimeDetailCore.swift in Sources */,
				1327550928D2A7C400A6C525 /* UserDefaultsClient+Mock.swift in Sources */,
				1312FD5E28DD6452004A415F /* SidebarSourcesView.swift in Sources */,
				134E0E9228D125C000A5F5E5 /* UserDefaultsClient.swift in Sources */,
				134FAA2A28D7638400B081FE /* OrientationClient+Mock.swift in Sources */,
				13E1AA6B28DCEBD800D20745 /* SidebarQualityCore.swift in Sources */,
				13B14A0628D1710400BD923B /* SourceClient+Mock.swift in Sources */,
				13FC21DF28C3A3FD000F0F79 /* Persistence.swift in Sources */,
				13FC21C828C39762000F0F79 /* RepositoryClient.swift in Sources */,
				132754FF28D28F5A00A6C525 /* Array+Duplicates.swift in Sources */,
				1327550628D2A11A00A6C525 /* UserDefaultsClient+Live.swift in Sources */,
				13FC21CA28C3976D000F0F79 /* RepositoryClient+Live.swift in Sources */,
				1384FF7928CB93FA003B011E /* Navigation+Extension.swift in Sources */,
				13D68EAF28D38D1B00B0D5DB /* VideoPlayerView.swift in Sources */,
				132754FC28D2883500A6C525 /* CompressableText.swift in Sources */,
				134FAA1F28D6FBC200B081FE /* CMTime+String.swift in Sources */,
				138066EC28C5699F0012DAFB /* AnimeItemView.swift in Sources */,
				13FC747928CFB54600A77818 /* SourceClient+Live.swift in Sources */,
				13386AEE28CC2892005E8352 /* ShimmerView.swift in Sources */,
				1312FD5A28DD4B52004A415F /* EpisodeItemCompactView.swift in Sources */,
				13C3536B28C308A000A54E7E /* AnimeNow.xcdatamodeld in Sources */,
				13FC21D028C397D7000F0F79 /* ManagedModel.swift in Sources */,
				13E512C728C79E5E00B298BA /* GraphQLModels.swift in Sources */,
				132754F628D269B200A6C525 /* ListClient+AniList.swift in Sources */,
				13650F3828D04424002E20DD /* AnimeClient+Mock.swift in Sources */,
				1327553428D2C16C00A6C525 /* AVPlayerView.swift in Sources */,
				13386AF128CC3239005E8352 /* BlurView.swift in Sources */,
				1352A05528DBC89600A5B20D /* ImageSize.swift in Sources */,
				13E1AA6F28DCEBF300D20745 /* SidebarSubtitlesCore.swift in Sources */,
				134FAA2428D762A200B081FE /* OrientationClient.swift in Sources */,
				134FAA2728D7637900B081FE /* OrientationClient+Live.swift in Sources */,
				13FC21CE28C397A2000F0F79 /* DomainModel.swift in Sources */,
				13378BA828C9B4E5000FF0D8 /* Throwable.swift in Sources */,
				1327553328D2C16C00A6C525 /* VideoPlayerCore.swift in Sources */,
				138066EA28C55BE30012DAFB /* HomeView.swift in Sources */,
				137A819728C53B2A00B69503 /* ContentCore.swift in Sources */,
				13E1AA6D28DCEBE500D20745 /* SidebarSourcesCore.swift in Sources */,
				13FC21F828C46E06000F0F79 /* API.swift in Sources */,
				13FC747328CFA10A00A77818 /* Source.swift in Sources */,
				1312FD5628DD4330004A415F /* SidebarEpisodesCore.swift in Sources */,
				13FC21EE28C401E1000F0F79 /* ListClient+Kitsu.swift in Sources */,
				137A819C28C5456400B69503 /* Episode.swift in Sources */,
				1361FD2E28CE97BF00D7C569 /* Theme.swift in Sources */,
				1312FD6028DD6934004A415F /* SeekbarView.swift in Sources */,
				13446E8228CA4AB100F815C6 /* SettingsCore.swift in Sources */,
				13E4BCF028C829A80039D880 /* AnimeDetailView.swift in Sources */,
				13C3536D28C308A000A54E7E /* AnimeNowApp.swift in Sources */,
				13FC747628CFB4FB00A77818 /* SourceClient.swift in Sources */,
				13FC21CC28C39779000F0F79 /* RepositoryClient+Mock.swift in Sources */,
				134FAA1C28D6FAFC00B081FE /* String+Time.swift in Sources */,
				13C3536F28C308A000A54E7E /* ContentView.swift in Sources */,
				13446E8128CA4AB100F815C6 /* SettingsView.swift in Sources */,
				1312FD5828DD45A4004A415F /* SidebarEpisodesView.swift in Sources */,
			);
			runOnlyForDeploymentPostprocessing = 0;
		};
		13C3536428C308A000A54E7E /* Sources */ = {
			isa = PBXSourcesBuildPhase;
			buildActionMask = 2147483647;
			files = (
				13FC21E028C3A439000F0F79 /* Persistence.swift in Sources */,
				13FC747728CFB4FB00A77818 /* SourceClient.swift in Sources */,
				137A819D28C5456400B69503 /* Episode.swift in Sources */,
				13FC21ED28C40193000F0F79 /* ListClient+Kitsu.swift in Sources */,
				13386AEF28CC2892005E8352 /* ShimmerView.swift in Sources */,
				1327552228D2ABAE00A6C525 /* HomeView.swift in Sources */,
				1327550728D2A11A00A6C525 /* UserDefaultsClient+Live.swift in Sources */,
				1384FF7A28CB93FA003B011E /* Navigation+Extension.swift in Sources */,
				1327550F28D2AACB00A6C525 /* AnimeClient+Mock.swift in Sources */,
				1327550A28D2A7C400A6C525 /* UserDefaultsClient+Mock.swift in Sources */,
				134FAA2528D762A200B081FE /* OrientationClient.swift in Sources */,
				134E0E9328D125C000A5F5E5 /* UserDefaultsClient.swift in Sources */,
				1327551128D2AACB00A6C525 /* AnimeClient.swift in Sources */,
				134FAA2828D7637900B081FE /* OrientationClient+Live.swift in Sources */,
				1327551228D2AAD300A6C525 /* GraphQLModels.swift in Sources */,
				13C3536C28C308A000A54E7E /* AnimeNow.xcdatamodeld in Sources */,
				13FC747428CFA10A00A77818 /* Source.swift in Sources */,
				134FAA2028D6FBC200B081FE /* CMTime+String.swift in Sources */,
				1327550028D28F5A00A6C525 /* Array+Duplicates.swift in Sources */,
				13C3536E28C308A000A54E7E /* AnimeNowApp.swift in Sources */,
				13FC21D528C39928000F0F79 /* RepositoryClient+Mock.swift in Sources */,
				13FC21EF28C401E3000F0F79 /* ListClient.swift in Sources */,
				13378BA928C9B4E5000FF0D8 /* Throwable.swift in Sources */,
				13B14A0728D1710400BD923B /* SourceClient+Mock.swift in Sources */,
				1327551028D2AACB00A6C525 /* AnimeClient+Live.swift in Sources */,
				13386AE828CBFD7A005E8352 /* LoadableState.swift in Sources */,
				13FC21F928C46E06000F0F79 /* API.swift in Sources */,
				1327552128D2ABAE00A6C525 /* ContentView.swift in Sources */,
				13FC747A28CFB54600A77818 /* SourceClient+Live.swift in Sources */,
				1361FD2F28CE97BF00D7C569 /* Theme.swift in Sources */,
				13FC21D328C39928000F0F79 /* RepositoryClient.swift in Sources */,
				137A819928C5454800B69503 /* Anime.swift in Sources */,
				1327552028D2ABAE00A6C525 /* HomeCore.swift in Sources */,
				13FC21D228C3991F000F0F79 /* DomainModel.swift in Sources */,
				13FC21D428C39928000F0F79 /* RepositoryClient+Live.swift in Sources */,
				134FAA1D28D6FAFC00B081FE /* String+Time.swift in Sources */,
				132754F728D269B200A6C525 /* ListClient+AniList.swift in Sources */,
				134FAA2B28D7638400B081FE /* OrientationClient+Mock.swift in Sources */,
				13FC21D128C3991C000F0F79 /* ManagedModel.swift in Sources */,
			);
			runOnlyForDeploymentPostprocessing = 0;
		};
/* End PBXSourcesBuildPhase section */

/* Begin XCBuildConfiguration section */
		13C3537528C308A000A54E7E /* Debug */ = {
			isa = XCBuildConfiguration;
			buildSettings = {
				ALWAYS_SEARCH_USER_PATHS = NO;
				CLANG_ANALYZER_NONNULL = YES;
				CLANG_ANALYZER_NUMBER_OBJECT_CONVERSION = YES_AGGRESSIVE;
				CLANG_CXX_LANGUAGE_STANDARD = "gnu++17";
				CLANG_CXX_LIBRARY = "libc++";
				CLANG_ENABLE_MODULES = YES;
				CLANG_ENABLE_OBJC_ARC = YES;
				CLANG_ENABLE_OBJC_WEAK = YES;
				CLANG_WARN_BLOCK_CAPTURE_AUTORELEASING = YES;
				CLANG_WARN_BOOL_CONVERSION = YES;
				CLANG_WARN_COMMA = YES;
				CLANG_WARN_CONSTANT_CONVERSION = YES;
				CLANG_WARN_DEPRECATED_OBJC_IMPLEMENTATIONS = YES;
				CLANG_WARN_DIRECT_OBJC_ISA_USAGE = YES_ERROR;
				CLANG_WARN_DOCUMENTATION_COMMENTS = YES;
				CLANG_WARN_EMPTY_BODY = YES;
				CLANG_WARN_ENUM_CONVERSION = YES;
				CLANG_WARN_INFINITE_RECURSION = YES;
				CLANG_WARN_INT_CONVERSION = YES;
				CLANG_WARN_NON_LITERAL_NULL_CONVERSION = YES;
				CLANG_WARN_OBJC_IMPLICIT_RETAIN_SELF = YES;
				CLANG_WARN_OBJC_LITERAL_CONVERSION = YES;
				CLANG_WARN_OBJC_ROOT_CLASS = YES_ERROR;
				CLANG_WARN_QUOTED_INCLUDE_IN_FRAMEWORK_HEADER = YES;
				CLANG_WARN_RANGE_LOOP_ANALYSIS = YES;
				CLANG_WARN_STRICT_PROTOTYPES = YES;
				CLANG_WARN_SUSPICIOUS_MOVE = YES;
				CLANG_WARN_UNGUARDED_AVAILABILITY = YES_AGGRESSIVE;
				CLANG_WARN_UNREACHABLE_CODE = YES;
				CLANG_WARN__DUPLICATE_METHOD_MATCH = YES;
				COPY_PHASE_STRIP = NO;
				DEBUG_INFORMATION_FORMAT = dwarf;
				ENABLE_STRICT_OBJC_MSGSEND = YES;
				ENABLE_TESTABILITY = YES;
				GCC_C_LANGUAGE_STANDARD = gnu11;
				GCC_DYNAMIC_NO_PIC = NO;
				GCC_NO_COMMON_BLOCKS = YES;
				GCC_OPTIMIZATION_LEVEL = 0;
				GCC_PREPROCESSOR_DEFINITIONS = (
					"DEBUG=1",
					"$(inherited)",
				);
				GCC_WARN_64_TO_32_BIT_CONVERSION = YES;
				GCC_WARN_ABOUT_RETURN_TYPE = YES_ERROR;
				GCC_WARN_UNDECLARED_SELECTOR = YES;
				GCC_WARN_UNINITIALIZED_AUTOS = YES_AGGRESSIVE;
				GCC_WARN_UNUSED_FUNCTION = YES;
				GCC_WARN_UNUSED_VARIABLE = YES;
				MTL_ENABLE_DEBUG_INFO = INCLUDE_SOURCE;
				MTL_FAST_MATH = YES;
				ONLY_ACTIVE_ARCH = YES;
				SWIFT_ACTIVE_COMPILATION_CONDITIONS = DEBUG;
				SWIFT_OPTIMIZATION_LEVEL = "-Onone";
			};
			name = Debug;
		};
		13C3537628C308A000A54E7E /* Release */ = {
			isa = XCBuildConfiguration;
			buildSettings = {
				ALWAYS_SEARCH_USER_PATHS = NO;
				CLANG_ANALYZER_NONNULL = YES;
				CLANG_ANALYZER_NUMBER_OBJECT_CONVERSION = YES_AGGRESSIVE;
				CLANG_CXX_LANGUAGE_STANDARD = "gnu++17";
				CLANG_CXX_LIBRARY = "libc++";
				CLANG_ENABLE_MODULES = YES;
				CLANG_ENABLE_OBJC_ARC = YES;
				CLANG_ENABLE_OBJC_WEAK = YES;
				CLANG_WARN_BLOCK_CAPTURE_AUTORELEASING = YES;
				CLANG_WARN_BOOL_CONVERSION = YES;
				CLANG_WARN_COMMA = YES;
				CLANG_WARN_CONSTANT_CONVERSION = YES;
				CLANG_WARN_DEPRECATED_OBJC_IMPLEMENTATIONS = YES;
				CLANG_WARN_DIRECT_OBJC_ISA_USAGE = YES_ERROR;
				CLANG_WARN_DOCUMENTATION_COMMENTS = YES;
				CLANG_WARN_EMPTY_BODY = YES;
				CLANG_WARN_ENUM_CONVERSION = YES;
				CLANG_WARN_INFINITE_RECURSION = YES;
				CLANG_WARN_INT_CONVERSION = YES;
				CLANG_WARN_NON_LITERAL_NULL_CONVERSION = YES;
				CLANG_WARN_OBJC_IMPLICIT_RETAIN_SELF = YES;
				CLANG_WARN_OBJC_LITERAL_CONVERSION = YES;
				CLANG_WARN_OBJC_ROOT_CLASS = YES_ERROR;
				CLANG_WARN_QUOTED_INCLUDE_IN_FRAMEWORK_HEADER = YES;
				CLANG_WARN_RANGE_LOOP_ANALYSIS = YES;
				CLANG_WARN_STRICT_PROTOTYPES = YES;
				CLANG_WARN_SUSPICIOUS_MOVE = YES;
				CLANG_WARN_UNGUARDED_AVAILABILITY = YES_AGGRESSIVE;
				CLANG_WARN_UNREACHABLE_CODE = YES;
				CLANG_WARN__DUPLICATE_METHOD_MATCH = YES;
				COPY_PHASE_STRIP = NO;
				DEBUG_INFORMATION_FORMAT = "dwarf-with-dsym";
				ENABLE_NS_ASSERTIONS = NO;
				ENABLE_STRICT_OBJC_MSGSEND = YES;
				GCC_C_LANGUAGE_STANDARD = gnu11;
				GCC_NO_COMMON_BLOCKS = YES;
				GCC_WARN_64_TO_32_BIT_CONVERSION = YES;
				GCC_WARN_ABOUT_RETURN_TYPE = YES_ERROR;
				GCC_WARN_UNDECLARED_SELECTOR = YES;
				GCC_WARN_UNINITIALIZED_AUTOS = YES_AGGRESSIVE;
				GCC_WARN_UNUSED_FUNCTION = YES;
				GCC_WARN_UNUSED_VARIABLE = YES;
				MTL_ENABLE_DEBUG_INFO = NO;
				MTL_FAST_MATH = YES;
				SWIFT_COMPILATION_MODE = wholemodule;
				SWIFT_OPTIMIZATION_LEVEL = "-O";
			};
			name = Release;
		};
		13C3537828C308A000A54E7E /* Debug */ = {
			isa = XCBuildConfiguration;
			buildSettings = {
				ASSETCATALOG_COMPILER_APPICON_NAME = AppIcon;
				ASSETCATALOG_COMPILER_GLOBAL_ACCENT_COLOR_NAME = AccentColor;
				CODE_SIGN_IDENTITY = "Apple Development";
				CODE_SIGN_STYLE = Automatic;
				CURRENT_PROJECT_VERSION = 1;
				DEVELOPMENT_TEAM = A6HC4Y86NJ;
				ENABLE_PREVIEWS = YES;
				GENERATE_INFOPLIST_FILE = YES;
				INFOPLIST_FILE = "anime-now-iOS-Info.plist";
				INFOPLIST_KEY_UIApplicationSceneManifest_Generation = YES;
				INFOPLIST_KEY_UIApplicationSupportsIndirectInputEvents = YES;
				INFOPLIST_KEY_UILaunchScreen_Generation = YES;
				INFOPLIST_KEY_UISupportedInterfaceOrientations = "";
				INFOPLIST_KEY_UISupportedInterfaceOrientations_iPad = "UIInterfaceOrientationPortrait UIInterfaceOrientationPortraitUpsideDown UIInterfaceOrientationLandscapeLeft UIInterfaceOrientationLandscapeRight";
				INFOPLIST_KEY_UISupportedInterfaceOrientations_iPhone = "UIInterfaceOrientationPortrait UIInterfaceOrientationLandscapeLeft UIInterfaceOrientationLandscapeRight";
				IPHONEOS_DEPLOYMENT_TARGET = 14.0;
				LD_RUNPATH_SEARCH_PATHS = (
					"$(inherited)",
					"@executable_path/Frameworks",
				);
				MARKETING_VERSION = 0.0.1;
				PRODUCT_BUNDLE_IDENTIFIER = "com.errorerrorerror.anime-now";
				PRODUCT_MODULE_NAME = AnimeNow;
				PRODUCT_NAME = "Anime Now!";
				PROVISIONING_PROFILE_SPECIFIER = "";
				SDKROOT = iphoneos;
				SWIFT_EMIT_LOC_STRINGS = YES;
				SWIFT_VERSION = 5.0;
				TARGETED_DEVICE_FAMILY = 1;
			};
			name = Debug;
		};
		13C3537928C308A000A54E7E /* Release */ = {
			isa = XCBuildConfiguration;
			buildSettings = {
				ASSETCATALOG_COMPILER_APPICON_NAME = AppIcon;
				ASSETCATALOG_COMPILER_GLOBAL_ACCENT_COLOR_NAME = AccentColor;
				CODE_SIGN_IDENTITY = "Apple Development";
				CODE_SIGN_STYLE = Automatic;
				CURRENT_PROJECT_VERSION = 1;
				DEVELOPMENT_TEAM = A6HC4Y86NJ;
				ENABLE_PREVIEWS = YES;
				GENERATE_INFOPLIST_FILE = YES;
				INFOPLIST_FILE = "anime-now-iOS-Info.plist";
				INFOPLIST_KEY_UIApplicationSceneManifest_Generation = YES;
				INFOPLIST_KEY_UIApplicationSupportsIndirectInputEvents = YES;
				INFOPLIST_KEY_UILaunchScreen_Generation = YES;
				INFOPLIST_KEY_UISupportedInterfaceOrientations = "";
				INFOPLIST_KEY_UISupportedInterfaceOrientations_iPad = "UIInterfaceOrientationPortrait UIInterfaceOrientationPortraitUpsideDown UIInterfaceOrientationLandscapeLeft UIInterfaceOrientationLandscapeRight";
				INFOPLIST_KEY_UISupportedInterfaceOrientations_iPhone = "UIInterfaceOrientationPortrait UIInterfaceOrientationLandscapeLeft UIInterfaceOrientationLandscapeRight";
				IPHONEOS_DEPLOYMENT_TARGET = 14.0;
				LD_RUNPATH_SEARCH_PATHS = (
					"$(inherited)",
					"@executable_path/Frameworks",
				);
				MARKETING_VERSION = 0.0.1;
				PRODUCT_BUNDLE_IDENTIFIER = "com.errorerrorerror.anime-now";
				PRODUCT_MODULE_NAME = AnimeNow;
				PRODUCT_NAME = "Anime Now!";
				PROVISIONING_PROFILE_SPECIFIER = "";
				SDKROOT = iphoneos;
				SWIFT_EMIT_LOC_STRINGS = YES;
				SWIFT_VERSION = 5.0;
				TARGETED_DEVICE_FAMILY = 1;
				VALIDATE_PRODUCT = YES;
			};
			name = Release;
		};
		13C3537B28C308A000A54E7E /* Debug */ = {
			isa = XCBuildConfiguration;
			buildSettings = {
				ASSETCATALOG_COMPILER_APPICON_NAME = AppIcon;
				ASSETCATALOG_COMPILER_GLOBAL_ACCENT_COLOR_NAME = AccentColor;
				CODE_SIGN_ENTITLEMENTS = macOS/macOS.entitlements;
				CODE_SIGN_STYLE = Automatic;
				COMBINE_HIDPI_IMAGES = YES;
				CURRENT_PROJECT_VERSION = 1;
				DEVELOPMENT_TEAM = A6HC4Y86NJ;
				ENABLE_HARDENED_RUNTIME = YES;
				ENABLE_PREVIEWS = YES;
				GENERATE_INFOPLIST_FILE = YES;
				INFOPLIST_KEY_NSHumanReadableCopyright = "";
				LD_RUNPATH_SEARCH_PATHS = (
					"$(inherited)",
					"@executable_path/../Frameworks",
				);
				MACOSX_DEPLOYMENT_TARGET = 11.0;
				MARKETING_VERSION = 1.0;
				PRODUCT_BUNDLE_IDENTIFIER = "com.errorerrorerror.anime-now";
				PRODUCT_NAME = "Anime Now!";
				SDKROOT = macosx;
				SWIFT_EMIT_LOC_STRINGS = YES;
				SWIFT_VERSION = 5.0;
			};
			name = Debug;
		};
		13C3537C28C308A000A54E7E /* Release */ = {
			isa = XCBuildConfiguration;
			buildSettings = {
				ASSETCATALOG_COMPILER_APPICON_NAME = AppIcon;
				ASSETCATALOG_COMPILER_GLOBAL_ACCENT_COLOR_NAME = AccentColor;
				CODE_SIGN_ENTITLEMENTS = macOS/macOS.entitlements;
				CODE_SIGN_STYLE = Automatic;
				COMBINE_HIDPI_IMAGES = YES;
				CURRENT_PROJECT_VERSION = 1;
				DEVELOPMENT_TEAM = A6HC4Y86NJ;
				ENABLE_HARDENED_RUNTIME = YES;
				ENABLE_PREVIEWS = YES;
				GENERATE_INFOPLIST_FILE = YES;
				INFOPLIST_KEY_NSHumanReadableCopyright = "";
				LD_RUNPATH_SEARCH_PATHS = (
					"$(inherited)",
					"@executable_path/../Frameworks",
				);
				MACOSX_DEPLOYMENT_TARGET = 11.0;
				MARKETING_VERSION = 1.0;
				PRODUCT_BUNDLE_IDENTIFIER = "com.errorerrorerror.anime-now";
				PRODUCT_NAME = "Anime Now!";
				SDKROOT = macosx;
				SWIFT_EMIT_LOC_STRINGS = YES;
				SWIFT_VERSION = 5.0;
			};
			name = Release;
		};
/* End XCBuildConfiguration section */

/* Begin XCConfigurationList section */
		13C3535628C3089E00A54E7E /* Build configuration list for PBXProject "Anime Now!" */ = {
			isa = XCConfigurationList;
			buildConfigurations = (
				13C3537528C308A000A54E7E /* Debug */,
				13C3537628C308A000A54E7E /* Release */,
			);
			defaultConfigurationIsVisible = 0;
			defaultConfigurationName = Release;
		};
		13C3537728C308A000A54E7E /* Build configuration list for PBXNativeTarget "Anime Now! (iOS)" */ = {
			isa = XCConfigurationList;
			buildConfigurations = (
				13C3537828C308A000A54E7E /* Debug */,
				13C3537928C308A000A54E7E /* Release */,
			);
			defaultConfigurationIsVisible = 0;
			defaultConfigurationName = Release;
		};
		13C3537A28C308A000A54E7E /* Build configuration list for PBXNativeTarget "Anime Now! (macOS)" */ = {
			isa = XCConfigurationList;
			buildConfigurations = (
				13C3537B28C308A000A54E7E /* Debug */,
				13C3537C28C308A000A54E7E /* Release */,
			);
			defaultConfigurationIsVisible = 0;
			defaultConfigurationName = Release;
		};
/* End XCConfigurationList section */

/* Begin XCRemoteSwiftPackageReference section */
		1363011A28C5C49F0076BF0A /* XCRemoteSwiftPackageReference "TinyGraphQL" */ = {
			isa = XCRemoteSwiftPackageReference;
			repositoryURL = "https://github.com/GetStream/TinyGraphQL";
			requirement = {
				kind = upToNextMajorVersion;
				minimumVersion = 1.0.0;
			};
		};
		137A817F28C51C7400B69503 /* XCRemoteSwiftPackageReference "swift-url-routing" */ = {
			isa = XCRemoteSwiftPackageReference;
			repositoryURL = "https://github.com/pointfreeco/swift-url-routing.git";
			requirement = {
				kind = upToNextMajorVersion;
				minimumVersion = 0.3.0;
			};
		};
		137A81A128C5572200B69503 /* XCRemoteSwiftPackageReference "Kingfisher" */ = {
			isa = XCRemoteSwiftPackageReference;
			repositoryURL = "https://github.com/onevcat/Kingfisher.git";
			requirement = {
				kind = upToNextMinorVersion;
				minimumVersion = 7.3.2;
			};
		};
		1384FF7528CB8D07003B011E /* XCRemoteSwiftPackageReference "swiftui-navigation" */ = {
			isa = XCRemoteSwiftPackageReference;
			repositoryURL = "https://github.com/pointfreeco/swiftui-navigation";
			requirement = {
				kind = upToNextMinorVersion;
				minimumVersion = 0.2.0;
			};
		};
		1395FF7328C6920E00F21FB1 /* XCRemoteSwiftPackageReference "SociableWeaver" */ = {
			isa = XCRemoteSwiftPackageReference;
			repositoryURL = "https://github.com/NicholasBellucci/SociableWeaver.git";
			requirement = {
				kind = upToNextMajorVersion;
				minimumVersion = 0.1.9;
			};
		};
		13C3537D28C311B300A54E7E /* XCRemoteSwiftPackageReference "swift-composable-architecture" */ = {
			isa = XCRemoteSwiftPackageReference;
			repositoryURL = "https://github.com/pointfreeco/swift-composable-architecture.git";
			requirement = {
				kind = revision;
				revision = cbe013b42b3c368957f8f882c960b93845e1589d;
			};
		};
		13D2846328CF08F500332556 /* XCRemoteSwiftPackageReference "xctest-dynamic-overlay" */ = {
			isa = XCRemoteSwiftPackageReference;
			repositoryURL = "https://github.com/pointfreeco/xctest-dynamic-overlay.git";
			requirement = {
				kind = upToNextMajorVersion;
				minimumVersion = 0.4.0;
			};
		};
/* End XCRemoteSwiftPackageReference section */

/* Begin XCSwiftPackageProductDependency section */
		1327550B28D2AA8E00A6C525 /* SociableWeaver */ = {
			isa = XCSwiftPackageProductDependency;
			package = 1395FF7328C6920E00F21FB1 /* XCRemoteSwiftPackageReference "SociableWeaver" */;
			productName = SociableWeaver;
		};
		1363011B28C5C49F0076BF0A /* TinyGraphQL */ = {
			isa = XCSwiftPackageProductDependency;
			package = 1363011A28C5C49F0076BF0A /* XCRemoteSwiftPackageReference "TinyGraphQL" */;
			productName = TinyGraphQL;
		};
		1363011D28C5C4B00076BF0A /* TinyGraphQL */ = {
			isa = XCSwiftPackageProductDependency;
			package = 1363011A28C5C49F0076BF0A /* XCRemoteSwiftPackageReference "TinyGraphQL" */;
			productName = TinyGraphQL;
		};
		137A818028C51C7400B69503 /* URLRouting */ = {
			isa = XCSwiftPackageProductDependency;
			package = 137A817F28C51C7400B69503 /* XCRemoteSwiftPackageReference "swift-url-routing" */;
			productName = URLRouting;
		};
		137A818228C51C8000B69503 /* URLRouting */ = {
			isa = XCSwiftPackageProductDependency;
			package = 137A817F28C51C7400B69503 /* XCRemoteSwiftPackageReference "swift-url-routing" */;
			productName = URLRouting;
		};
		137A81A228C5572200B69503 /* Kingfisher */ = {
			isa = XCSwiftPackageProductDependency;
			package = 137A81A128C5572200B69503 /* XCRemoteSwiftPackageReference "Kingfisher" */;
			productName = Kingfisher;
		};
		137A81A428C5572E00B69503 /* Kingfisher */ = {
			isa = XCSwiftPackageProductDependency;
			package = 137A81A128C5572200B69503 /* XCRemoteSwiftPackageReference "Kingfisher" */;
			productName = Kingfisher;
		};
		1384FF7628CB8D07003B011E /* SwiftUINavigation */ = {
			isa = XCSwiftPackageProductDependency;
			package = 1384FF7528CB8D07003B011E /* XCRemoteSwiftPackageReference "swiftui-navigation" */;
			productName = SwiftUINavigation;
		};
		1395FF7428C6920E00F21FB1 /* SociableWeaver */ = {
			isa = XCSwiftPackageProductDependency;
			package = 1395FF7328C6920E00F21FB1 /* XCRemoteSwiftPackageReference "SociableWeaver" */;
			productName = SociableWeaver;
		};
		13C3537E28C311B300A54E7E /* ComposableArchitecture */ = {
			isa = XCSwiftPackageProductDependency;
			package = 13C3537D28C311B300A54E7E /* XCRemoteSwiftPackageReference "swift-composable-architecture" */;
			productName = ComposableArchitecture;
		};
		13D2846428CF08F500332556 /* XCTestDynamicOverlay */ = {
			isa = XCSwiftPackageProductDependency;
			package = 13D2846328CF08F500332556 /* XCRemoteSwiftPackageReference "xctest-dynamic-overlay" */;
			productName = XCTestDynamicOverlay;
		};
		13D2846628CF090700332556 /* XCTestDynamicOverlay */ = {
			isa = XCSwiftPackageProductDependency;
			package = 13D2846328CF08F500332556 /* XCRemoteSwiftPackageReference "xctest-dynamic-overlay" */;
			productName = XCTestDynamicOverlay;
		};
		13D2846828CF090B00332556 /* SwiftUINavigation */ = {
			isa = XCSwiftPackageProductDependency;
			package = 1384FF7528CB8D07003B011E /* XCRemoteSwiftPackageReference "swiftui-navigation" */;
			productName = SwiftUINavigation;
		};
		13FC21D728C39FA5000F0F79 /* ComposableArchitecture */ = {
			isa = XCSwiftPackageProductDependency;
			package = 13C3537D28C311B300A54E7E /* XCRemoteSwiftPackageReference "swift-composable-architecture" */;
			productName = ComposableArchitecture;
		};
/* End XCSwiftPackageProductDependency section */

/* Begin XCVersionGroup section */
		13C3535828C3089E00A54E7E /* AnimeNow.xcdatamodeld */ = {
			isa = XCVersionGroup;
			children = (
				13C3535928C3089E00A54E7E /* Shared.xcdatamodel */,
			);
			currentVersion = 13C3535928C3089E00A54E7E /* Shared.xcdatamodel */;
			path = AnimeNow.xcdatamodeld;
			sourceTree = "<group>";
			versionGroupType = wrapper.xcdatamodel;
		};
/* End XCVersionGroup section */
	};
	rootObject = 13C3535328C3089E00A54E7E /* Project object */;
}
